{
  "name": "adv-state",
  "version": "1.0.0",
  "lockfileVersion": 1,
  "requires": true,
  "dependencies": {
    "gojs": {
      "version": "2.1.20",
      "resolved": "https://registry.npmjs.org/gojs/-/gojs-2.1.20.tgz",
      "integrity": "sha512-5kYnl3mukP7o01Dm0OMLOQnFuFR4JM3mJAGRCb7GEgnOrnCfiq0O157RqxzZ8//Tyn8YJ6JY0QjvLj6YqUCseg=="
    }
  }
}
